{
    "name": "hello-node",
    "version": "0.0.1",
    "lockfileVersion": 2,
    "requires": true,
    "packages": {
        "": {
            "name": "hello-node",
            "version": "0.0.1",
            "license": "MIT",
            "dependencies": {
                "esm": "^3.2.25",
                "node-fetch-cookies": "^2.0.3"
            },
            "engines": {
                "node": "14.x"
            }
        },
        "node_modules/esm": {
            "version": "3.2.25",
            "resolved": "https://registry.npmjs.org/esm/-/esm-3.2.25.tgz",
            "integrity": "sha512-U1suiZ2oDVWv4zPO56S0NcR5QriEahGtdN2OR6FiOG4WJvcjBVFB0qI4+eKoWFH483PKGuLuu6V8Z4T5g63UVA==",
            "engines": {
                "node": ">=6"
            }
        },
        "node_modules/node-fetch": {
            "version": "2.6.1",
            "resolved": "https://registry.npmjs.org/node-fetch/-/node-fetch-2.6.1.tgz",
            "integrity": "sha512-V4aYg89jEoVRxRb2fJdAg8FHvI7cEyYdVAh94HH0UIK8oJxUfkjlDQN9RbMx+bEjP7+ggMiFRprSti032Oipxw==",
            "engines": {
                "node": "4.x || >=6.0.0"
            }
        },
        "node_modules/node-fetch-cookies": {
            "version": "2.0.3",
            "resolved": "https://registry.npmjs.org/node-fetch-cookies/-/node-fetch-cookies-2.0.3.tgz",
            "integrity": "sha512-EDH8TnNvyYqGUywmiriiLsVttbhDXsTcm6ZRTcw21hCQ+a6zpvA74biGh6q8tGtt8nHo+YW35Q0AZ83m+SEUFw==",
            "dependencies": {
                "node-fetch": "^2.6.1"
            },
            "engines": {
                "node": ">=14.13.0"
            }
        }
    },
    "dependencies": {
        "esm": {
            "version": "3.2.25",
            "resolved": "https://registry.npmjs.org/esm/-/esm-3.2.25.tgz",
            "integrity": "sha512-U1suiZ2oDVWv4zPO56S0NcR5QriEahGtdN2OR6FiOG4WJvcjBVFB0qI4+eKoWFH483PKGuLuu6V8Z4T5g63UVA=="
        },
        "node-fetch": {
            "version": "2.6.1",
            "resolved": "https://registry.npmjs.org/node-fetch/-/node-fetch-2.6.1.tgz",
            "integrity": "sha512-V4aYg89jEoVRxRb2fJdAg8FHvI7cEyYdVAh94HH0UIK8oJxUfkjlDQN9RbMx+bEjP7+ggMiFRprSti032Oipxw=="
        },
        "node-fetch-cookies": {
            "version": "2.0.3",
            "resolved": "https://registry.npmjs.org/node-fetch-cookies/-/node-fetch-cookies-2.0.3.tgz",
            "integrity": "sha512-EDH8TnNvyYqGUywmiriiLsVttbhDXsTcm6ZRTcw21hCQ+a6zpvA74biGh6q8tGtt8nHo+YW35Q0AZ83m+SEUFw==",
            "requires": {
                "node-fetch": "^2.6.1"
            }
        }
    }
}
